
Microsoft Visual Studio Solution File, Format Version 12.00
# Visual Studio 15
VisualStudioVersion = 15.0.28307.329
MinimumVisualStudioVersion = 10.0.40219.1
Project("{FAE04EC0-301F-11D3-BF4B-00C04F79EFBC}") = "Uploader.Web", "Uploader.Web\Uploader.Web.csproj", "{C509CA69-8349-48E7-BF52-CB9B4DB5A16C}"
EndProject
Global
	GlobalSection(SolutionConfigurationPlatforms) = preSolution
		Debug|Any CPU = Debug|Any CPU
		Release|Any CPU = Release|Any CPU
	EndGlobalSection
	GlobalSection(ProjectConfigurationPlatforms) = postSolution
		{C509CA69-8349-48E7-BF52-CB9B4DB5A16C}.Debug|Any CPU.ActiveCfg = Debug|Any CPU
		{C509CA69-8349-48E7-BF52-CB9B4DB5A16C}.Debug|Any CPU.Build.0 = Debug|Any CPU
		{C509CA69-8349-48E7-BF52-CB9B4DB5A16C}.Release|Any CPU.ActiveCfg = Release|Any CPU
		{C509CA69-8349-48E7-BF52-CB9B4DB5A16C}.Release|Any CPU.Build.0 = Release|Any CPU
	EndGlobalSection
	GlobalSection(SolutionProperties) = preSolution
		HideSolutionNode = FALSE
	EndGlobalSection
	GlobalSection(ExtensibilityGlobals) = postSolution
		SolutionGuid = {55783EC7-B2C7-469E-853D-17129B87402F}
	EndGlobalSection
EndGlobal
